
Microsoft Visual Studio Solution File, Format Version 12.00
# Visual Studio 2013
VisualStudioVersion = 12.0.30501.0
MinimumVisualStudioVersion = 10.0.40219.1
Project("{FAE04EC0-301F-11D3-BF4B-00C04F79EFBC}") = "Test", "Test\Test.csproj", "{14BD06EA-4062-4078-8A23-D67443F0B6AF}"
EndProject
Project("{FAE04EC0-301F-11D3-BF4B-00C04F79EFBC}") = "libDanmaku", "Demo\libDanmaku.csproj", "{DE1027FA-472B-4DA4-9C81-A67122B32105}"
EndProject
Project("{2150E333-8FDC-42A3-9474-1A3956D46DE8}") = "BgSupport", "BgSupport", "{0AA4561E-A1BE-40D1-98E2-0C0A962FB276}"
EndProject
Project("{FAE04EC0-301F-11D3-BF4B-00C04F79EFBC}") = "Model", "Model\Model.csproj", "{E8F6954B-7FFB-463D-98D1-9A5CBB54C500}"
EndProject
Project("{FAE04EC0-301F-11D3-BF4B-00C04F79EFBC}") = "Invoker", "Invoker\Invoker.csproj", "{AB7F056B-CE98-4D02-8894-7455F1CC12D7}"
EndProject
Project("{FAE04EC0-301F-11D3-BF4B-00C04F79EFBC}") = "libNetwork", "libNetwork\libNetwork.csproj", "{2FDAB6BD-5EAF-4628-B08A-91A7683D58BA}"
EndProject
Project("{FAE04EC0-301F-11D3-BF4B-00C04F79EFBC}") = "libMemoryData", "libMemoryData\libMemoryData.csproj", "{CDFECA44-82D3-4E2D-96D4-27E7DE4EFAB4}"
EndProject
Project("{FAE04EC0-301F-11D3-BF4B-00C04F79EFBC}") = "libData", "libData\libData.csproj", "{6795595C-AF10-4748-9592-779BAEC3A106}"
EndProject
Global
	GlobalSection(SolutionConfigurationPlatforms) = preSolution
		Debug|Any CPU = Debug|Any CPU
		Release|Any CPU = Release|Any CPU
	EndGlobalSection
	GlobalSection(ProjectConfigurationPlatforms) = postSolution
		{14BD06EA-4062-4078-8A23-D67443F0B6AF}.Debug|Any CPU.ActiveCfg = Debug|Any CPU
		{14BD06EA-4062-4078-8A23-D67443F0B6AF}.Debug|Any CPU.Build.0 = Debug|Any CPU
		{14BD06EA-4062-4078-8A23-D67443F0B6AF}.Release|Any CPU.ActiveCfg = Release|Any CPU
		{14BD06EA-4062-4078-8A23-D67443F0B6AF}.Release|Any CPU.Build.0 = Release|Any CPU
		{DE1027FA-472B-4DA4-9C81-A67122B32105}.Debug|Any CPU.ActiveCfg = Debug|Any CPU
		{DE1027FA-472B-4DA4-9C81-A67122B32105}.Debug|Any CPU.Build.0 = Debug|Any CPU
		{DE1027FA-472B-4DA4-9C81-A67122B32105}.Release|Any CPU.ActiveCfg = Release|Any CPU
		{DE1027FA-472B-4DA4-9C81-A67122B32105}.Release|Any CPU.Build.0 = Release|Any CPU
		{E8F6954B-7FFB-463D-98D1-9A5CBB54C500}.Debug|Any CPU.ActiveCfg = Debug|Any CPU
		{E8F6954B-7FFB-463D-98D1-9A5CBB54C500}.Debug|Any CPU.Build.0 = Debug|Any CPU
		{E8F6954B-7FFB-463D-98D1-9A5CBB54C500}.Release|Any CPU.ActiveCfg = Release|Any CPU
		{E8F6954B-7FFB-463D-98D1-9A5CBB54C500}.Release|Any CPU.Build.0 = Release|Any CPU
		{AB7F056B-CE98-4D02-8894-7455F1CC12D7}.Debug|Any CPU.ActiveCfg = Debug|Any CPU
		{AB7F056B-CE98-4D02-8894-7455F1CC12D7}.Debug|Any CPU.Build.0 = Debug|Any CPU
		{AB7F056B-CE98-4D02-8894-7455F1CC12D7}.Release|Any CPU.ActiveCfg = Release|Any CPU
		{AB7F056B-CE98-4D02-8894-7455F1CC12D7}.Release|Any CPU.Build.0 = Release|Any CPU
		{2FDAB6BD-5EAF-4628-B08A-91A7683D58BA}.Debug|Any CPU.ActiveCfg = Debug|Any CPU
		{2FDAB6BD-5EAF-4628-B08A-91A7683D58BA}.Debug|Any CPU.Build.0 = Debug|Any CPU
		{2FDAB6BD-5EAF-4628-B08A-91A7683D58BA}.Release|Any CPU.ActiveCfg = Release|Any CPU
		{2FDAB6BD-5EAF-4628-B08A-91A7683D58BA}.Release|Any CPU.Build.0 = Release|Any CPU
		{CDFECA44-82D3-4E2D-96D4-27E7DE4EFAB4}.Debug|Any CPU.ActiveCfg = Debug|Any CPU
		{CDFECA44-82D3-4E2D-96D4-27E7DE4EFAB4}.Debug|Any CPU.Build.0 = Debug|Any CPU
		{CDFECA44-82D3-4E2D-96D4-27E7DE4EFAB4}.Release|Any CPU.ActiveCfg = Release|Any CPU
		{CDFECA44-82D3-4E2D-96D4-27E7DE4EFAB4}.Release|Any CPU.Build.0 = Release|Any CPU
		{6795595C-AF10-4748-9592-779BAEC3A106}.Debug|Any CPU.ActiveCfg = Debug|Any CPU
		{6795595C-AF10-4748-9592-779BAEC3A106}.Debug|Any CPU.Build.0 = Debug|Any CPU
		{6795595C-AF10-4748-9592-779BAEC3A106}.Release|Any CPU.ActiveCfg = Release|Any CPU
		{6795595C-AF10-4748-9592-779BAEC3A106}.Release|Any CPU.Build.0 = Release|Any CPU
	EndGlobalSection
	GlobalSection(SolutionProperties) = preSolution
		HideSolutionNode = FALSE
	EndGlobalSection
	GlobalSection(NestedProjects) = preSolution
		{E8F6954B-7FFB-463D-98D1-9A5CBB54C500} = {0AA4561E-A1BE-40D1-98E2-0C0A962FB276}
		{AB7F056B-CE98-4D02-8894-7455F1CC12D7} = {0AA4561E-A1BE-40D1-98E2-0C0A962FB276}
		{2FDAB6BD-5EAF-4628-B08A-91A7683D58BA} = {0AA4561E-A1BE-40D1-98E2-0C0A962FB276}
		{CDFECA44-82D3-4E2D-96D4-27E7DE4EFAB4} = {0AA4561E-A1BE-40D1-98E2-0C0A962FB276}
		{6795595C-AF10-4748-9592-779BAEC3A106} = {0AA4561E-A1BE-40D1-98E2-0C0A962FB276}
	EndGlobalSection
EndGlobal
